
Microsoft Visual Studio Solution File, Format Version 12.00
# Visual Studio Version 17
VisualStudioVersion = 17.11.35327.3
MinimumVisualStudioVersion = 10.0.40219.1
Project("{9A19103F-16F7-4668-BE54-9A1E7A4F7556}") = "WaterTrans.GlyphLoader", "..\GlyphLoader\src\WaterTrans.GlyphLoader\WaterTrans.GlyphLoader.csproj", "{6C5933B2-50C4-4E3D-A20F-6C213340B033}"
EndProject
Project("{9A19103F-16F7-4668-BE54-9A1E7A4F7556}") = "FontViewer.Obsolete", "FontViewer.obsolete\FontViewer.Obsolete.csproj", "{EE4A3A82-8187-4EED-B1C1-6C0157C0CDA4}"
EndProject
Project("{9A19103F-16F7-4668-BE54-9A1E7A4F7556}") = "FontViewer", "FontViewer\FontViewer.csproj", "{501D3FDB-CF36-4374-8A4C-660E7EFE5640}"
EndProject
Project("{FAE04EC0-301F-11D3-BF4B-00C04F79EFBC}") = "UnicodeQueryTool", "UnicodeQueryTool\UnicodeQueryTool.csproj", "{F9619476-06C3-400B-9550-F79AB5245CC8}"
EndProject
Global
	GlobalSection(SolutionConfigurationPlatforms) = preSolution
		Debug|Any CPU = Debug|Any CPU
		Release|Any CPU = Release|Any CPU
	EndGlobalSection
	GlobalSection(ProjectConfigurationPlatforms) = postSolution
		{6C5933B2-50C4-4E3D-A20F-6C213340B033}.Debug|Any CPU.ActiveCfg = Debug|Any CPU
		{6C5933B2-50C4-4E3D-A20F-6C213340B033}.Debug|Any CPU.Build.0 = Debug|Any CPU
		{6C5933B2-50C4-4E3D-A20F-6C213340B033}.Release|Any CPU.ActiveCfg = Release|Any CPU
		{6C5933B2-50C4-4E3D-A20F-6C213340B033}.Release|Any CPU.Build.0 = Release|Any CPU
		{EE4A3A82-8187-4EED-B1C1-6C0157C0CDA4}.Debug|Any CPU.ActiveCfg = Debug|Any CPU
		{EE4A3A82-8187-4EED-B1C1-6C0157C0CDA4}.Debug|Any CPU.Build.0 = Debug|Any CPU
		{EE4A3A82-8187-4EED-B1C1-6C0157C0CDA4}.Release|Any CPU.ActiveCfg = Release|Any CPU
		{EE4A3A82-8187-4EED-B1C1-6C0157C0CDA4}.Release|Any CPU.Build.0 = Release|Any CPU
		{501D3FDB-CF36-4374-8A4C-660E7EFE5640}.Debug|Any CPU.ActiveCfg = Debug|Any CPU
		{501D3FDB-CF36-4374-8A4C-660E7EFE5640}.Debug|Any CPU.Build.0 = Debug|Any CPU
		{501D3FDB-CF36-4374-8A4C-660E7EFE5640}.Release|Any CPU.ActiveCfg = Release|Any CPU
		{501D3FDB-CF36-4374-8A4C-660E7EFE5640}.Release|Any CPU.Build.0 = Release|Any CPU
		{F9619476-06C3-400B-9550-F79AB5245CC8}.Debug|Any CPU.ActiveCfg = Debug|Any CPU
		{F9619476-06C3-400B-9550-F79AB5245CC8}.Debug|Any CPU.Build.0 = Debug|Any CPU
		{F9619476-06C3-400B-9550-F79AB5245CC8}.Release|Any CPU.ActiveCfg = Release|Any CPU
		{F9619476-06C3-400B-9550-F79AB5245CC8}.Release|Any CPU.Build.0 = Release|Any CPU
	EndGlobalSection
	GlobalSection(SolutionProperties) = preSolution
		HideSolutionNode = FALSE
	EndGlobalSection
	GlobalSection(ExtensibilityGlobals) = postSolution
		SolutionGuid = {11479ECD-0EA2-4F56-BDD7-7AEE3CFAC6E9}
	EndGlobalSection
EndGlobal
